Microsoft Visual Studio Solution File, Format Version 8.00
Project("{54435603-DBB4-11D2-8724-00A0C9A8B90C}") = "WebInpsectionBrowserSetup", "WebInpsectionBrowserSetup.vdproj", "{35CD7DB7-0888-44E8-955F-DBFA54E1DB33}"
	ProjectSection(ProjectDependencies) = postProject
	EndProjectSection
EndProject
Global
	GlobalSection(SourceCodeControl) = preSolution
		SccNumberOfProjects = 2
		SccProjectName0 = \u0022$/WebInpsectionBrowserSetup.root/WebInpsectionBrowserSetup\u0022,\u0020DPAAAAAA
		SccLocalPath0 = ..\\..\\..
		SccProvider0 = MSSCCI:Microsoft\u0020Visual\u0020SourceSafe
		CanCheckoutShared = false
		SccProjectFilePathRelativizedFromConnection0 = software\\GreenBlueProject\\WebInpsectionBrowserSetup\\
		SolutionUniqueID = {772140DE-2900-4D93-9F8E-3CFF5028C6E0}
		SccProjectUniqueName1 = WebInpsectionBrowserSetup.vdproj
		SccLocalPath1 = ..\\..\\..
		CanCheckoutShared = false
		SccProjectFilePathRelativizedFromConnection1 = software\\GreenBlueProject\\WebInpsectionBrowserSetup\\
	EndGlobalSection
	GlobalSection(SolutionConfiguration) = preSolution
		Debug = Debug
		Release = Release
	EndGlobalSection
	GlobalSection(ProjectConfiguration) = postSolution
		{35CD7DB7-0888-44E8-955F-DBFA54E1DB33}.Debug.ActiveCfg = Debug
		{35CD7DB7-0888-44E8-955F-DBFA54E1DB33}.Debug.Build.0 = Debug
		{35CD7DB7-0888-44E8-955F-DBFA54E1DB33}.Release.ActiveCfg = Release
		{35CD7DB7-0888-44E8-955F-DBFA54E1DB33}.Release.Build.0 = Release
	EndGlobalSection
	GlobalSection(ExtensibilityGlobals) = postSolution
	EndGlobalSection
	GlobalSection(ExtensibilityAddIns) = postSolution
	EndGlobalSection
EndGlobal
